// !$*UTF8*$!
{
	archiveVersion = 1;
	classes = {
	};
	objectVersion = 46;
	objects = {

/* Begin PBXBuildFile section */
		6D20D7941B7E30070034B2B0 /* AppDelegate.swift in Sources */ = {isa = PBXBuildFile; fileRef = 6D20D7931B7E30070034B2B0 /* AppDelegate.swift */; };
		6D20D7961B7E30070034B2B0 /* MainViewController.swift in Sources */ = {isa = PBXBuildFile; fileRef = 6D20D7951B7E30070034B2B0 /* MainViewController.swift */; };
		6D20D7991B7E30070034B2B0 /* Main.storyboard in Resources */ = {isa = PBXBuildFile; fileRef = 6D20D7971B7E30070034B2B0 /* Main.storyboard */; };
		6D20D79B1B7E30070034B2B0 /* Images.xcassets in Resources */ = {isa = PBXBuildFile; fileRef = 6D20D79A1B7E30070034B2B0 /* Images.xcassets */; };
		6D20D79E1B7E30070034B2B0 /* LaunchScreen.xib in Resources */ = {isa = PBXBuildFile; fileRef = 6D20D79C1B7E30070034B2B0 /* LaunchScreen.xib */; };
		6D20D7AA1B7E30070034B2B0 /* ReadyForCoffeeTestAppTests.swift in Sources */ = {isa = PBXBuildFile; fileRef = 6D20D7A91B7E30070034B2B0 /* ReadyForCoffeeTestAppTests.swift */; };
		6D20D7BD1B7E34BD0034B2B0 /* MultipeerConnectivity.framework in Frameworks */ = {isa = PBXBuildFile; fileRef = 6D20D7BC1B7E34BD0034B2B0 /* MultipeerConnectivity.framework */; };
		6D20D7C11B7E35010034B2B0 /* Commons.swift in Sources */ = {isa = PBXBuildFile; fileRef = 6D20D7C01B7E35010034B2B0 /* Commons.swift */; };
		6D20D7C41B7E35520034B2B0 /* MultipeerService.swift in Sources */ = {isa = PBXBuildFile; fileRef = 6D20D7C31B7E35520034B2B0 /* MultipeerService.swift */; };
		6D20D7C81B7E358D0034B2B0 /* Bond.framework in Frameworks */ = {isa = PBXBuildFile; fileRef = 6D20D7C71B7E358D0034B2B0 /* Bond.framework */; };
		6D20D7CA1B7E35940034B2B0 /* Bond.framework in Embed Frameworks */ = {isa = PBXBuildFile; fileRef = 6D20D7C71B7E358D0034B2B0 /* Bond.framework */; settings = {ATTRIBUTES = (CodeSignOnCopy, RemoveHeadersOnCopy, ); }; };
		6D20D7CE1B7E35CC0034B2B0 /* MainViewModel.swift in Sources */ = {isa = PBXBuildFile; fileRef = 6D20D7CD1B7E35CC0034B2B0 /* MainViewModel.swift */; };
/* End PBXBuildFile section */

/* Begin PBXContainerItemProxy section */
		6D20D7A41B7E30070034B2B0 /* PBXContainerItemProxy */ = {
			isa = PBXContainerItemProxy;
			containerPortal = 6D20D7861B7E30070034B2B0 /* Project object */;
			proxyType = 1;
			remoteGlobalIDString = 6D20D78D1B7E30070034B2B0;
			remoteInfo = ReadyForCoffeeTestApp;
		};
/* End PBXContainerItemProxy section */

/* Begin PBXCopyFilesBuildPhase section */
		6D20D7CB1B7E35940034B2B0 /* Embed Frameworks */ = {
			isa = PBXCopyFilesBuildPhase;
			buildActionMask = 2147483647;
			dstPath = "";
			dstSubfolderSpec = 10;
			files = (
				6D20D7CA1B7E35940034B2B0 /* Bond.framework in Embed Frameworks */,
			);
			name = "Embed Frameworks";
			runOnlyForDeploymentPostprocessing = 0;
		};
/* End PBXCopyFilesBuildPhase section */

/* Begin PBXFileReference section */
		6D20D78E1B7E30070034B2B0 /* ReadyForCoffeeTestApp.app */ = {isa = PBXFileReference; explicitFileType = wrapper.application; includeInIndex = 0; path = ReadyForCoffeeTestApp.app; sourceTree = BUILT_PRODUCTS_DIR; };
		6D20D7921B7E30070034B2B0 /* Info.plist */ = {isa = PBXFileReference; lastKnownFileType = text.plist.xml; path = Info.plist; sourceTree = "<group>"; };
		6D20D7931B7E30070034B2B0 /* AppDelegate.swift */ = {isa = PBXFileReference; lastKnownFileType = sourcecode.swift; path = AppDelegate.swift; sourceTree = "<group>"; };
		6D20D7951B7E30070034B2B0 /* MainViewController.swift */ = {isa = PBXFileReference; lastKnownFileType = sourcecode.swift; path = MainViewController.swift; sourceTree = "<group>"; };
		6D20D7981B7E30070034B2B0 /* Base */ = {isa = PBXFileReference; lastKnownFileType = file.storyboard; name = Base; path = Base.lproj/Main.storyboard; sourceTree = "<group>"; };
		6D20D79A1B7E30070034B2B0 /* Images.xcassets */ = {isa = PBXFileReference; lastKnownFileType = folder.assetcatalog; path = Images.xcassets; sourceTree = "<group>"; };
		6D20D79D1B7E30070034B2B0 /* Base */ = {isa = PBXFileReference; lastKnownFileType = file.xib; name = Base; path = Base.lproj/LaunchScreen.xib; sourceTree = "<group>"; };
		6D20D7A31B7E30070034B2B0 /* ReadyForCoffeeTestAppTests.xctest */ = {isa = PBXFileReference; explicitFileType = wrapper.cfbundle; includeInIndex = 0; path = ReadyForCoffeeTestAppTests.xctest; sourceTree = BUILT_PRODUCTS_DIR; };
		6D20D7A81B7E30070034B2B0 /* Info.plist */ = {isa = PBXFileReference; lastKnownFileType = text.plist.xml; path = Info.plist; sourceTree = "<group>"; };
		6D20D7A91B7E30070034B2B0 /* ReadyForCoffeeTestAppTests.swift */ = {isa = PBXFileReference; lastKnownFileType = sourcecode.swift; path = ReadyForCoffeeTestAppTests.swift; sourceTree = "<group>"; };
		6D20D7BC1B7E34BD0034B2B0 /* MultipeerConnectivity.framework */ = {isa = PBXFileReference; lastKnownFileType = wrapper.framework; name = MultipeerConnectivity.framework; path = System/Library/Frameworks/MultipeerConnectivity.framework; sourceTree = SDKROOT; };
		6D20D7C01B7E35010034B2B0 /* Commons.swift */ = {isa = PBXFileReference; fileEncoding = 4; lastKnownFileType = sourcecode.swift; path = Commons.swift; sourceTree = "<group>"; };
		6D20D7C31B7E35520034B2B0 /* MultipeerService.swift */ = {isa = PBXFileReference; fileEncoding = 4; lastKnownFileType = sourcecode.swift; name = MultipeerService.swift; path = ReadyForCoffee/MultipeerService.swift; sourceTree = "<group>"; };
		6D20D7C71B7E358D0034B2B0 /* Bond.framework */ = {isa = PBXFileReference; lastKnownFileType = wrapper.framework; name = Bond.framework; path = Carthage/Build/iOS/Bond.framework; sourceTree = "<group>"; };
		6D20D7CD1B7E35CC0034B2B0 /* MainViewModel.swift */ = {isa = PBXFileReference; fileEncoding = 4; lastKnownFileType = sourcecode.swift; path = MainViewModel.swift; sourceTree = "<group>"; };
/* End PBXFileReference section */

/* Begin PBXFrameworksBuildPhase section */
		6D20D78B1B7E30070034B2B0 /* Frameworks */ = {
			isa = PBXFrameworksBuildPhase;
			buildActionMask = 2147483647;
			files = (
				6D20D7BD1B7E34BD0034B2B0 /* MultipeerConnectivity.framework in Frameworks */,
				6D20D7C81B7E358D0034B2B0 /* Bond.framework in Frameworks */,
			);
			runOnlyForDeploymentPostprocessing = 0;
		};
		6D20D7A01B7E30070034B2B0 /* Frameworks */ = {
			isa = PBXFrameworksBuildPhase;
			buildActionMask = 2147483647;
			files = (
			);
			runOnlyForDeploymentPostprocessing = 0;
		};
/* End PBXFrameworksBuildPhase section */

/* Begin PBXGroup section */
		6D20D7851B7E30070034B2B0 = {
			isa = PBXGroup;
			children = (
				6D20D7901B7E30070034B2B0 /* ReadyForCoffeeTestApp */,
				6D20D7A61B7E30070034B2B0 /* ReadyForCoffeeTestAppTests */,
				6D20D78F1B7E30070034B2B0 /* Products */,
				6D20D7BE1B7E34C10034B2B0 /* Frameworks */,
			);
			sourceTree = "<group>";
		};
		6D20D78F1B7E30070034B2B0 /* Products */ = {
			isa = PBXGroup;
			children = (
				6D20D78E1B7E30070034B2B0 /* ReadyForCoffeeTestApp.app */,
				6D20D7A31B7E30070034B2B0 /* ReadyForCoffeeTestAppTests.xctest */,
			);
			name = Products;
			sourceTree = "<group>";
		};
		6D20D7901B7E30070034B2B0 /* ReadyForCoffeeTestApp */ = {
			isa = PBXGroup;
			children = (
				6D20D7D41B7E3B6A0034B2B0 /* Shared */,
				6D20D7CC1B7E35B50034B2B0 /* ViewModels */,
				6D20D7BF1B7E34DB0034B2B0 /* Views */,
				6D20D7931B7E30070034B2B0 /* AppDelegate.swift */,
				6D20D7971B7E30070034B2B0 /* Main.storyboard */,
				6D20D7C01B7E35010034B2B0 /* Commons.swift */,
				6D20D79A1B7E30070034B2B0 /* Images.xcassets */,
				6D20D79C1B7E30070034B2B0 /* LaunchScreen.xib */,
				6D20D7911B7E30070034B2B0 /* Supporting Files */,
			);
			path = ReadyForCoffeeTestApp;
			sourceTree = "<group>";
		};
		6D20D7911B7E30070034B2B0 /* Supporting Files */ = {
			isa = PBXGroup;
			children = (
				6D20D7921B7E30070034B2B0 /* Info.plist */,
			);
			name = "Supporting Files";
			sourceTree = "<group>";
		};
		6D20D7A61B7E30070034B2B0 /* ReadyForCoffeeTestAppTests */ = {
			isa = PBXGroup;
			children = (
				6D20D7A91B7E30070034B2B0 /* ReadyForCoffeeTestAppTests.swift */,
				6D20D7A71B7E30070034B2B0 /* Supporting Files */,
			);
			path = ReadyForCoffeeTestAppTests;
			sourceTree = "<group>";
		};
		6D20D7A71B7E30070034B2B0 /* Supporting Files */ = {
			isa = PBXGroup;
			children = (
				6D20D7A81B7E30070034B2B0 /* Info.plist */,
			);
			name = "Supporting Files";
			sourceTree = "<group>";
		};
		6D20D7BE1B7E34C10034B2B0 /* Frameworks */ = {
			isa = PBXGroup;
			children = (
				6D20D7C71B7E358D0034B2B0 /* Bond.framework */,
				6D20D7BC1B7E34BD0034B2B0 /* MultipeerConnectivity.framework */,
			);
			name = Frameworks;
			sourceTree = "<group>";
		};
		6D20D7BF1B7E34DB0034B2B0 /* Views */ = {
			isa = PBXGroup;
			children = (
				6D20D7951B7E30070034B2B0 /* MainViewController.swift */,
			);
			name = Views;
			sourceTree = "<group>";
		};
		6D20D7C21B7E35420034B2B0 /* Services */ = {
			isa = PBXGroup;
			children = (
				6D20D7C31B7E35520034B2B0 /* MultipeerService.swift */,
			);
			name = Services;
			path = ..;
			sourceTree = "<group>";
		};
		6D20D7CC1B7E35B50034B2B0 /* ViewModels */ = {
			isa = PBXGroup;
			children = (
				6D20D7CD1B7E35CC0034B2B0 /* MainViewModel.swift */,
			);
			name = ViewModels;
			sourceTree = "<group>";
		};
		6D20D7D41B7E3B6A0034B2B0 /* Shared */ = {
			isa = PBXGroup;
			children = (
				6D20D7C21B7E35420034B2B0 /* Services */,
			);
			name = Shared;
			sourceTree = "<group>";
		};
/* End PBXGroup section */

/* Begin PBXNativeTarget section */
		6D20D78D1B7E30070034B2B0 /* ReadyForCoffeeTestApp */ = {
			isa = PBXNativeTarget;
			buildConfigurationList = 6D20D7AD1B7E30070034B2B0 /* Build configuration list for PBXNativeTarget "ReadyForCoffeeTestApp" */;
			buildPhases = (
				6D20D78A1B7E30070034B2B0 /* Sources */,
				6D20D78B1B7E30070034B2B0 /* Frameworks */,
				6D20D78C1B7E30070034B2B0 /* Resources */,
				6D20D7CB1B7E35940034B2B0 /* Embed Frameworks */,
			);
			buildRules = (
			);
			dependencies = (
			);
			name = ReadyForCoffeeTestApp;
			productName = ReadyForCoffeeTestApp;
			productReference = 6D20D78E1B7E30070034B2B0 /* ReadyForCoffeeTestApp.app */;
			productType = "com.apple.product-type.application";
		};
		6D20D7A21B7E30070034B2B0 /* ReadyForCoffeeTestAppTests */ = {
			isa = PBXNativeTarget;
			buildConfigurationList = 6D20D7B01B7E30070034B2B0 /* Build configuration list for PBXNativeTarget "ReadyForCoffeeTestAppTests" */;
			buildPhases = (
				6D20D79F1B7E30070034B2B0 /* Sources */,
				6D20D7A01B7E30070034B2B0 /* Frameworks */,
				6D20D7A11B7E30070034B2B0 /* Resources */,
			);
			buildRules = (
			);
			dependencies = (
				6D20D7A51B7E30070034B2B0 /* PBXTargetDependency */,
			);
			name = ReadyForCoffeeTestAppTests;
			productName = ReadyForCoffeeTestAppTests;
			productReference = 6D20D7A31B7E30070034B2B0 /* ReadyForCoffeeTestAppTests.xctest */;
			productType = "com.apple.product-type.bundle.unit-test";
		};
/* End PBXNativeTarget section */

/* Begin PBXProject section */
		6D20D7861B7E30070034B2B0 /* Project object */ = {
			isa = PBXProject;
			attributes = {
				LastUpgradeCheck = 0630;
				ORGANIZATIONNAME = "Kevin Skyba";
				TargetAttributes = {
					6D20D78D1B7E30070034B2B0 = {
						CreatedOnToolsVersion = 6.3.2;
					};
					6D20D7A21B7E30070034B2B0 = {
						CreatedOnToolsVersion = 6.3.2;
						TestTargetID = 6D20D78D1B7E30070034B2B0;
					};
				};
			};
			buildConfigurationList = 6D20D7891B7E30070034B2B0 /* Build configuration list for PBXProject "ReadyForCoffeeTestApp" */;
			compatibilityVersion = "Xcode 3.2";
			developmentRegion = English;
			hasScannedForEncodings = 0;
			knownRegions = (
				en,
				Base,
			);
			mainGroup = 6D20D7851B7E30070034B2B0;
			productRefGroup = 6D20D78F1B7E30070034B2B0 /* Products */;
			projectDirPath = "";
			projectRoot = "";
			targets = (
				6D20D78D1B7E30070034B2B0 /* ReadyForCoffeeTestApp */,
				6D20D7A21B7E30070034B2B0 /* ReadyForCoffeeTestAppTests */,
			);
		};
/* End PBXProject section */

/* Begin PBXResourcesBuildPhase section */
		6D20D78C1B7E30070034B2B0 /* Resources */ = {
			isa = PBXResourcesBuildPhase;
			buildActionMask = 2147483647;
			files = (
				6D20D7991B7E30070034B2B0 /* Main.storyboard in Resources */,
				6D20D79E1B7E30070034B2B0 /* LaunchScreen.xib in Resources */,
				6D20D79B1B7E30070034B2B0 /* Images.xcassets in Resources */,
			);
			runOnlyForDeploymentPostprocessing = 0;
		};
		6D20D7A11B7E30070034B2B0 /* Resources */ = {
			isa = PBXResourcesBuildPhase;
			buildActionMask = 2147483647;
			files = (
			);
			runOnlyForDeploymentPostprocessing = 0;
		};
/* End PBXResourcesBuildPhase section */

/* Begin PBXSourcesBuildPhase section */
		6D20D78A1B7E30070034B2B0 /* Sources */ = {
			isa = PBXSourcesBuildPhase;
			buildActionMask = 2147483647;
			files = (
				6D20D7CE1B7E35CC0034B2B0 /* MainViewModel.swift in Sources */,
				6D20D7961B7E30070034B2B0 /* MainViewController.swift in Sources */,
				6D20D7C41B7E35520034B2B0 /* MultipeerService.swift in Sources */,
				6D20D7C11B7E35010034B2B0 /* Commons.swift in Sources */,
				6D20D7941B7E30070034B2B0 /* AppDelegate.swift in Sources */,
			);
			runOnlyForDeploymentPostprocessing = 0;
		};
		6D20D79F1B7E30070034B2B0 /* Sources */ = {
			isa = PBXSourcesBuildPhase;
			buildActionMask = 2147483647;
			files = (
				6D20D7AA1B7E30070034B2B0 /* ReadyForCoffeeTestAppTests.swift in Sources */,
			);
			runOnlyForDeploymentPostprocessing = 0;
		};
/* End PBXSourcesBuildPhase section */

/* Begin PBXTargetDependency section */
		6D20D7A51B7E30070034B2B0 /* PBXTargetDependency */ = {
			isa = PBXTargetDependency;
			target = 6D20D78D1B7E30070034B2B0 /* ReadyForCoffeeTestApp */;
			targetProxy = 6D20D7A41B7E30070034B2B0 /* PBXContainerItemProxy */;
		};
/* End PBXTargetDependency section */

/* Begin PBXVariantGroup section */
		6D20D7971B7E30070034B2B0 /* Main.storyboard */ = {
			isa = PBXVariantGroup;
			children = (
				6D20D7981B7E30070034B2B0 /* Base */,
			);
			name = Main.storyboard;
			sourceTree = "<group>";
		};
		6D20D79C1B7E30070034B2B0 /* LaunchScreen.xib */ = {
			isa = PBXVariantGroup;
			children = (
				6D20D79D1B7E30070034B2B0 /* Base */,
			);
			name = LaunchScreen.xib;
			sourceTree = "<group>";
		};
/* End PBXVariantGroup section */

/* Begin XCBuildConfiguration section */
		6D20D7AB1B7E30070034B2B0 /* Debug */ = {
			isa = XCBuildConfiguration;
			buildSettings = {
				ALWAYS_SEARCH_USER_PATHS = NO;
				CLANG_CXX_LANGUAGE_STANDARD = "gnu++0x";
				CLANG_CXX_LIBRARY = "libc++";
				CLANG_ENABLE_MODULES = YES;
				CLANG_ENABLE_OBJC_ARC = YES;
				CLANG_WARN_BOOL_CONVERSION = YES;
				CLANG_WARN_CONSTANT_CONVERSION = YES;
				CLANG_WARN_DIRECT_OBJC_ISA_USAGE = YES_ERROR;
				CLANG_WARN_EMPTY_BODY = YES;
				CLANG_WARN_ENUM_CONVERSION = YES;
				CLANG_WARN_INT_CONVERSION = YES;
				CLANG_WARN_OBJC_ROOT_CLASS = YES_ERROR;
				CLANG_WARN_UNREACHABLE_CODE = YES;
				CLANG_WARN__DUPLICATE_METHOD_MATCH = YES;
				"CODE_SIGN_IDENTITY[sdk=iphoneos*]" = "iPhone Developer";
				COPY_PHASE_STRIP = NO;
				DEBUG_INFORMATION_FORMAT = "dwarf-with-dsym";
				ENABLE_STRICT_OBJC_MSGSEND = YES;
				GCC_C_LANGUAGE_STANDARD = gnu99;
				GCC_DYNAMIC_NO_PIC = NO;
				GCC_NO_COMMON_BLOCKS = YES;
				GCC_OPTIMIZATION_LEVEL = 0;
				GCC_PREPROCESSOR_DEFINITIONS = (
					"DEBUG=1",
					"$(inherited)",
				);
				GCC_SYMBOLS_PRIVATE_EXTERN = NO;
				GCC_WARN_64_TO_32_BIT_CONVERSION = YES;
				GCC_WARN_ABOUT_RETURN_TYPE = YES_ERROR;
				GCC_WARN_UNDECLARED_SELECTOR = YES;
				GCC_WARN_UNINITIALIZED_AUTOS = YES_AGGRESSIVE;
				GCC_WARN_UNUSED_FUNCTION = YES;
				GCC_WARN_UNUSED_VARIABLE = YES;
				IPHONEOS_DEPLOYMENT_TARGET = 8.3;
				MTL_ENABLE_DEBUG_INFO = YES;
				ONLY_ACTIVE_ARCH = YES;
				SDKROOT = iphoneos;
				SWIFT_OPTIMIZATION_LEVEL = "-Onone";
			};
			name = Debug;
		};
		6D20D7AC1B7E30070034B2B0 /* Release */ = {
			isa = XCBuildConfiguration;
			buildSettings = {
				ALWAYS_SEARCH_USER_PATHS = NO;
				CLANG_CXX_LANGUAGE_STANDARD = "gnu++0x";
				CLANG_CXX_LIBRARY = "libc++";
				CLANG_ENABLE_MODULES = YES;
				CLANG_ENABLE_OBJC_ARC = YES;
				CLANG_WARN_BOOL_CONVERSION = YES;
				CLANG_WARN_CONSTANT_CONVERSION = YES;
				CLANG_WARN_DIRECT_OBJC_ISA_USAGE = YES_ERROR;
				CLANG_WARN_EMPTY_BODY = YES;
				CLANG_WARN_ENUM_CONVERSION = YES;
				CLANG_WARN_INT_CONVERSION = YES;
				CLANG_WARN_OBJC_ROOT_CLASS = YES_ERROR;
				CLANG_WARN_UNREACHABLE_CODE = YES;
				CLANG_WARN__DUPLICATE_METHOD_MATCH = YES;
				"CODE_SIGN_IDENTITY[sdk=iphoneos*]" = "iPhone Developer";
				COPY_PHASE_STRIP = NO;
				DEBUG_INFORMATION_FORMAT = "dwarf-with-dsym";
				ENABLE_NS_ASSERTIONS = NO;
				ENABLE_STRICT_OBJC_MSGSEND = YES;
				GCC_C_LANGUAGE_STANDARD = gnu99;
				GCC_NO_COMMON_BLOCKS = YES;
				GCC_WARN_64_TO_32_BIT_CONVERSION = YES;
				GCC_WARN_ABOUT_RETURN_TYPE = YES_ERROR;
				GCC_WARN_UNDECLARED_SELECTOR = YES;
				GCC_WARN_UNINITIALIZED_AUTOS = YES_AGGRESSIVE;
				GCC_WARN_UNUSED_FUNCTION = YES;
				GCC_WARN_UNUSED_VARIABLE = YES;
				IPHONEOS_DEPLOYMENT_TARGET = 8.3;
				MTL_ENABLE_DEBUG_INFO = NO;
				SDKROOT = iphoneos;
				VALIDATE_PRODUCT = YES;
			};
			name = Release;
		};
		6D20D7AE1B7E30070034B2B0 /* Debug */ = {
			isa = XCBuildConfiguration;
			buildSettings = {
				ASSETCATALOG_COMPILER_APPICON_NAME = AppIcon;
				FRAMEWORK_SEARCH_PATHS = (
					"$(inherited)",
					"$(PROJECT_DIR)/Carthage/Build/iOS",
				);
				INFOPLIST_FILE = ReadyForCoffeeTestApp/Info.plist;
				LD_RUNPATH_SEARCH_PATHS = "$(inherited) @executable_path/Frameworks";
				PRODUCT_NAME = "$(TARGET_NAME)";
				TARGETED_DEVICE_FAMILY = "1,2";
			};
			name = Debug;
		};
		6D20D7AF1B7E30070034B2B0 /* Release */ = {
			isa = XCBuildConfiguration;
			buildSettings = {
				ASSETCATALOG_COMPILER_APPICON_NAME = AppIcon;
				FRAMEWORK_SEARCH_PATHS = (
					"$(inherited)",
					"$(PROJECT_DIR)/Carthage/Build/iOS",
				);
				INFOPLIST_FILE = ReadyForCoffeeTestApp/Info.plist;
				LD_RUNPATH_SEARCH_PATHS = "$(inherited) @executable_path/Frameworks";
				PRODUCT_NAME = "$(TARGET_NAME)";
				TARGETED_DEVICE_FAMILY = "1,2";
			};
			name = Release;
		};
		6D20D7B11B7E30070034B2B0 /* Debug */ = {
			isa = XCBuildConfiguration;
			buildSettings = {
				BUNDLE_LOADER = "$(TEST_HOST)";
				FRAMEWORK_SEARCH_PATHS = (
					"$(SDKROOT)/Developer/Library/Frameworks",
					"$(inherited)",
				);
				GCC_PREPROCESSOR_DEFINITIONS = (
					"DEBUG=1",
					"$(inherited)",
				);
				INFOPLIST_FILE = ReadyForCoffeeTestAppTests/Info.plist;
				LD_RUNPATH_SEARCH_PATHS = "$(inherited) @executable_path/Frameworks @loader_path/Frameworks";
				PRODUCT_NAME = "$(TARGET_NAME)";
				TEST_HOST = "$(BUILT_PRODUCTS_DIR)/ReadyForCoffeeTestApp.app/ReadyForCoffeeTestApp";
			};
			name = Debug;
		};
		6D20D7B21B7E30070034B2B0 /* Release */ = {
			isa = XCBuildConfiguration;
			buildSettings = {
				BUNDLE_LOADER = "$(TEST_HOST)";
				FRAMEWORK_SEARCH_PATHS = (
					"$(SDKROOT)/Developer/Library/Frameworks",
					"$(inherited)",
				);
				INFOPLIST_FILE = ReadyForCoffeeTestAppTests/Info.plist;
				LD_RUNPATH_SEARCH_PATHS = "$(inherited) @executable_path/Frameworks @loader_path/Frameworks";
				PRODUCT_NAME = "$(TARGET_NAME)";
				TEST_HOST = "$(BUILT_PRODUCTS_DIR)/ReadyForCoffeeTestApp.app/ReadyForCoffeeTestApp";
			};
			name = Release;
		};
/* End XCBuildConfiguration section */

/* Begin XCConfigurationList section */
		6D20D7891B7E30070034B2B0 /* Build configuration list for PBXProject "ReadyForCoffeeTestApp" */ = {
			isa = XCConfigurationList;
			buildConfigurations = (
				6D20D7AB1B7E30070034B2B0 /* Debug */,
				6D20D7AC1B7E30070034B2B0 /* Release */,
			);
			defaultConfigurationIsVisible = 0;
			defaultConfigurationName = Release;
		};
		6D20D7AD1B7E30070034B2B0 /* Build configuration list for PBXNativeTarget "ReadyForCoffeeTestApp" */ = {
			isa = XCConfigurationList;
			buildConfigurations = (
				6D20D7AE1B7E30070034B2B0 /* Debug */,
				6D20D7AF1B7E30070034B2B0 /* Release */,
			);
			defaultConfigurationIsVisible = 0;
			defaultConfigurationName = Release;
		};
		6D20D7B01B7E30070034B2B0 /* Build configuration list for PBXNativeTarget "ReadyForCoffeeTestAppTests" */ = {
			isa = XCConfigurationList;
			buildConfigurations = (
				6D20D7B11B7E30070034B2B0 /* Debug */,
				6D20D7B21B7E30070034B2B0 /* Release */,
			);
			defaultConfigurationIsVisible = 0;
			defaultConfigurationName = Release;
		};
/* End XCConfigurationList section */
	};
	rootObject = 6D20D7861B7E30070034B2B0 /* Project object */;
}
